
Microsoft Visual Studio Solution File, Format Version 12.00
Project("{FAE04EC0-301F-11D3-BF4B-00C04F79EFBC}") = "HW1-Calculator", "HW1-Calculator\HW1-Calculator.csproj", "{775A598D-A5DB-47A9-8916-C75DB267E39A}"
EndProject
Global
	GlobalSection(SolutionConfigurationPlatforms) = preSolution
		Debug|Any CPU = Debug|Any CPU
		Release|Any CPU = Release|Any CPU
	EndGlobalSection
	GlobalSection(ProjectConfigurationPlatforms) = postSolution
		{775A598D-A5DB-47A9-8916-C75DB267E39A}.Debug|Any CPU.ActiveCfg = Debug|Any CPU
		{775A598D-A5DB-47A9-8916-C75DB267E39A}.Debug|Any CPU.Build.0 = Debug|Any CPU
		{775A598D-A5DB-47A9-8916-C75DB267E39A}.Release|Any CPU.ActiveCfg = Release|Any CPU
		{775A598D-A5DB-47A9-8916-C75DB267E39A}.Release|Any CPU.Build.0 = Release|Any CPU
	EndGlobalSection
EndGlobal
